# This file is automatically @generated by Cargo.
# It is not intended for manual editing.
version = 3

[[package]]
name = "pai-ast"
version = "0.1.0"

[[package]]
name = "pai-fs-loader"
version = "0.1.0"

[[package]]
name = "pai-lexer"
version = "0.1.0"
dependencies = [
 "pai-fs-loader",
 "pai-shared",
]

[[package]]
name = "pai-parser"
version = "0.1.0"

[[package]]
name = "pai-shared"
version = "0.1.0"
